// !$*UTF8*$!
{
	archiveVersion = 1;
	classes = {
	};
	objectVersion = 56;
	objects = {

/* Begin PBXBuildFile section */
		4BAB8ACE2923BA5D0040FED6 /* HappyBirthdaySwiftUIApp.swift in Sources */ = {isa = PBXBuildFile; fileRef = 4BAB8ACD2923BA5D0040FED6 /* HappyBirthdaySwiftUIApp.swift */; };
		4BAB8AD02923BA5D0040FED6 /* ContentView.swift in Sources */ = {isa = PBXBuildFile; fileRef = 4BAB8ACF2923BA5D0040FED6 /* ContentView.swift */; };
		4BAB8AD22923BA5E0040FED6 /* Assets.xcassets in Resources */ = {isa = PBXBuildFile; fileRef = 4BAB8AD12923BA5E0040FED6 /* Assets.xcassets */; };
		4BAB8AD52923BA5E0040FED6 /* Preview Assets.xcassets in Resources */ = {isa = PBXBuildFile; fileRef = 4BAB8AD42923BA5E0040FED6 /* Preview Assets.xcassets */; };
		4BAB8AD72923BA5E0040FED6 /* Persistence.swift in Sources */ = {isa = PBXBuildFile; fileRef = 4BAB8AD62923BA5E0040FED6 /* Persistence.swift */; };
		4BAB8ADA2923BA5E0040FED6 /* HappyBirthdaySwiftUI.xcdatamodeld in Sources */ = {isa = PBXBuildFile; fileRef = 4BAB8AD82923BA5E0040FED6 /* HappyBirthdaySwiftUI.xcdatamodeld */; };
		4BAB8AE82923F3C20040FED6 /* BirthdayCard.swift in Sources */ = {isa = PBXBuildFile; fileRef = 4BAB8AE72923F3C20040FED6 /* BirthdayCard.swift */; };
		4BAB8AEA2923FBAD0040FED6 /* StarFrame.swift in Sources */ = {isa = PBXBuildFile; fileRef = 4BAB8AE92923FBAD0040FED6 /* StarFrame.swift */; };
		4BAB8AEC292415030040FED6 /* ShapeView.swift in Sources */ = {isa = PBXBuildFile; fileRef = 4BAB8AEB292415030040FED6 /* ShapeView.swift */; };
		4BAB8AEF292427080040FED6 /* EffectsLibrary in Frameworks */ = {isa = PBXBuildFile; productRef = 4BAB8AEE292427080040FED6 /* EffectsLibrary */; };
		4BAB8AF2292640F30040FED6 /* PermanentMarker-Regular.ttf in Resources */ = {isa = PBXBuildFile; fileRef = 4BAB8AF1292640F30040FED6 /* PermanentMarker-Regular.ttf */; };
/* End PBXBuildFile section */

/* Begin PBXFileReference section */
		4BAB8ACA2923BA5D0040FED6 /* HappyBirthdaySwiftUI.app */ = {isa = PBXFileReference; explicitFileType = wrapper.application; includeInIndex = 0; path = HappyBirthdaySwiftUI.app; sourceTree = BUILT_PRODUCTS_DIR; };
		4BAB8ACD2923BA5D0040FED6 /* HappyBirthdaySwiftUIApp.swift */ = {isa = PBXFileReference; lastKnownFileType = sourcecode.swift; path = HappyBirthdaySwiftUIApp.swift; sourceTree = "<group>"; };
		4BAB8ACF2923BA5D0040FED6 /* ContentView.swift */ = {isa = PBXFileReference; lastKnownFileType = sourcecode.swift; path = ContentView.swift; sourceTree = "<group>"; };
		4BAB8AD12923BA5E0040FED6 /* Assets.xcassets */ = {isa = PBXFileReference; lastKnownFileType = folder.assetcatalog; path = Assets.xcassets; sourceTree = "<group>"; };
		4BAB8AD42923BA5E0040FED6 /* Preview Assets.xcassets */ = {isa = PBXFileReference; lastKnownFileType = folder.assetcatalog; path = "Preview Assets.xcassets"; sourceTree = "<group>"; };
		4BAB8AD62923BA5E0040FED6 /* Persistence.swift */ = {isa = PBXFileReference; lastKnownFileType = sourcecode.swift; path = Persistence.swift; sourceTree = "<group>"; };
		4BAB8AD92923BA5E0040FED6 /* HappyBirthdaySwiftUI.xcdatamodel */ = {isa = PBXFileReference; lastKnownFileType = wrapper.xcdatamodel; path = HappyBirthdaySwiftUI.xcdatamodel; sourceTree = "<group>"; };
		4BAB8AE72923F3C20040FED6 /* BirthdayCard.swift */ = {isa = PBXFileReference; lastKnownFileType = sourcecode.swift; path = BirthdayCard.swift; sourceTree = "<group>"; };
		4BAB8AE92923FBAD0040FED6 /* StarFrame.swift */ = {isa = PBXFileReference; lastKnownFileType = sourcecode.swift; path = StarFrame.swift; sourceTree = "<group>"; };
		4BAB8AEB292415030040FED6 /* ShapeView.swift */ = {isa = PBXFileReference; lastKnownFileType = sourcecode.swift; path = ShapeView.swift; sourceTree = "<group>"; };
		4BAB8AF1292640F30040FED6 /* PermanentMarker-Regular.ttf */ = {isa = PBXFileReference; lastKnownFileType = file; path = "PermanentMarker-Regular.ttf"; sourceTree = "<group>"; };
		4BAB8AF3292642560040FED6 /* Info.plist */ = {isa = PBXFileReference; lastKnownFileType = text.plist; path = Info.plist; sourceTree = "<group>"; };
/* End PBXFileReference section */

/* Begin PBXFrameworksBuildPhase section */
		4BAB8AC72923BA5D0040FED6 /* Frameworks */ = {
			isa = PBXFrameworksBuildPhase;
			buildActionMask = 2147483647;
			files = (
				4BAB8AEF292427080040FED6 /* EffectsLibrary in Frameworks */,
			);
			runOnlyForDeploymentPostprocessing = 0;
		};
/* End PBXFrameworksBuildPhase section */

/* Begin PBXGroup section */
		4BAB8AC12923BA5D0040FED6 = {
			isa = PBXGroup;
			children = (
				4BAB8ACC2923BA5D0040FED6 /* HappyBirthdaySwiftUI */,
				4BAB8ACB2923BA5D0040FED6 /* Products */,
			);
			sourceTree = "<group>";
		};
		4BAB8ACB2923BA5D0040FED6 /* Products */ = {
			isa = PBXGroup;
			children = (
				4BAB8ACA2923BA5D0040FED6 /* HappyBirthdaySwiftUI.app */,
			);
			name = Products;
			sourceTree = "<group>";
		};
		4BAB8ACC2923BA5D0040FED6 /* HappyBirthdaySwiftUI */ = {
			isa = PBXGroup;
			children = (
				4BAB8AF3292642560040FED6 /* Info.plist */,
				4BAB8AF029263FE10040FED6 /* Fonts */,
				4BAB8ACD2923BA5D0040FED6 /* HappyBirthdaySwiftUIApp.swift */,
				4BAB8ACF2923BA5D0040FED6 /* ContentView.swift */,
				4BAB8AE72923F3C20040FED6 /* BirthdayCard.swift */,
				4BAB8AD12923BA5E0040FED6 /* Assets.xcassets */,
				4BAB8AD62923BA5E0040FED6 /* Persistence.swift */,
				4BAB8AD82923BA5E0040FED6 /* HappyBirthdaySwiftUI.xcdatamodeld */,
				4BAB8AD32923BA5E0040FED6 /* Preview Content */,
				4BAB8AE92923FBAD0040FED6 /* StarFrame.swift */,
				4BAB8AEB292415030040FED6 /* ShapeView.swift */,
			);
			path = HappyBirthdaySwiftUI;
			sourceTree = "<group>";
		};
		4BAB8AD32923BA5E0040FED6 /* Preview Content */ = {
			isa = PBXGroup;
			children = (
				4BAB8AD42923BA5E0040FED6 /* Preview Assets.xcassets */,
			);
			path = "Preview Content";
			sourceTree = "<group>";
		};
		4BAB8AF029263FE10040FED6 /* Fonts */ = {
			isa = PBXGroup;
			children = (
				4BAB8AF1292640F30040FED6 /* PermanentMarker-Regular.ttf */,
			);
			path = Fonts;
			sourceTree = "<group>";
		};
/* End PBXGroup section */

/* Begin PBXNativeTarget section */
		4BAB8AC92923BA5D0040FED6 /* HappyBirthdaySwiftUI */ = {
			isa = PBXNativeTarget;
			buildConfigurationList = 4BAB8ADD2923BA5E0040FED6 /* Build configuration list for PBXNativeTarget "HappyBirthdaySwiftUI" */;
			buildPhases = (
				4BAB8AC62923BA5D0040FED6 /* Sources */,
				4BAB8AC72923BA5D0040FED6 /* Frameworks */,
				4BAB8AC82923BA5D0040FED6 /* Resources */,
			);
			buildRules = (
			);
			dependencies = (
			);
			name = HappyBirthdaySwiftUI;
			packageProductDependencies = (
				4BAB8AEE292427080040FED6 /* EffectsLibrary */,
			);
			productName = HappyBirthdaySwiftUI;
			productReference = 4BAB8ACA2923BA5D0040FED6 /* HappyBirthdaySwiftUI.app */;
			productType = "com.apple.product-type.application";
		};
/* End PBXNativeTarget section */

/* Begin PBXProject section */
		4BAB8AC22923BA5D0040FED6 /* Project object */ = {
			isa = PBXProject;
			attributes = {
				BuildIndependentTargetsInParallel = 1;
				LastSwiftUpdateCheck = 1400;
				LastUpgradeCheck = 1400;
				TargetAttributes = {
					4BAB8AC92923BA5D0040FED6 = {
						CreatedOnToolsVersion = 14.0.1;
					};
				};
			};
			buildConfigurationList = 4BAB8AC52923BA5D0040FED6 /* Build configuration list for PBXProject "HappyBirthdaySwiftUI" */;
			compatibilityVersion = "Xcode 14.0";
			developmentRegion = en;
			hasScannedForEncodings = 0;
			knownRegions = (
				en,
				Base,
			);
			mainGroup = 4BAB8AC12923BA5D0040FED6;
			packageReferences = (
				4BAB8AED292427080040FED6 /* XCRemoteSwiftPackageReference "effects-library" */,
			);
			productRefGroup = 4BAB8ACB2923BA5D0040FED6 /* Products */;
			projectDirPath = "";
			projectRoot = "";
			targets = (
				4BAB8AC92923BA5D0040FED6 /* HappyBirthdaySwiftUI */,
			);
		};
/* End PBXProject section */

/* Begin PBXResourcesBuildPhase section */
		4BAB8AC82923BA5D0040FED6 /* Resources */ = {
			isa = PBXResourcesBuildPhase;
			buildActionMask = 2147483647;
			files = (
				4BAB8AD52923BA5E0040FED6 /* Preview Assets.xcassets in Resources */,
				4BAB8AF2292640F30040FED6 /* PermanentMarker-Regular.ttf in Resources */,
				4BAB8AD22923BA5E0040FED6 /* Assets.xcassets in Resources */,
			);
			runOnlyForDeploymentPostprocessing = 0;
		};
/* End PBXResourcesBuildPhase section */

/* Begin PBXSourcesBuildPhase section */
		4BAB8AC62923BA5D0040FED6 /* Sources */ = {
			isa = PBXSourcesBuildPhase;
			buildActionMask = 2147483647;
			files = (
				4BAB8AD72923BA5E0040FED6 /* Persistence.swift in Sources */,
				4BAB8AE82923F3C20040FED6 /* BirthdayCard.swift in Sources */,
				4BAB8AD02923BA5D0040FED6 /* ContentView.swift in Sources */,
				4BAB8AEA2923FBAD0040FED6 /* StarFrame.swift in Sources */,
				4BAB8ACE2923BA5D0040FED6 /* HappyBirthdaySwiftUIApp.swift in Sources */,
				4BAB8ADA2923BA5E0040FED6 /* HappyBirthdaySwiftUI.xcdatamodeld in Sources */,
				4BAB8AEC292415030040FED6 /* ShapeView.swift in Sources */,
			);
			runOnlyForDeploymentPostprocessing = 0;
		};
/* End PBXSourcesBuildPhase section */

/* Begin XCBuildConfiguration section */
		4BAB8ADB2923BA5E0040FED6 /* Debug */ = {
			isa = XCBuildConfiguration;
			buildSettings = {
				ALWAYS_SEARCH_USER_PATHS = NO;
				CLANG_ANALYZER_NONNULL = YES;
				CLANG_ANALYZER_NUMBER_OBJECT_CONVERSION = YES_AGGRESSIVE;
				CLANG_CXX_LANGUAGE_STANDARD = "gnu++20";
				CLANG_ENABLE_MODULES = YES;
				CLANG_ENABLE_OBJC_ARC = YES;
				CLANG_ENABLE_OBJC_WEAK = YES;
				CLANG_WARN_BLOCK_CAPTURE_AUTORELEASING = YES;
				CLANG_WARN_BOOL_CONVERSION = YES;
				CLANG_WARN_COMMA = YES;
				CLANG_WARN_CONSTANT_CONVERSION = YES;
				CLANG_WARN_DEPRECATED_OBJC_IMPLEMENTATIONS = YES;
				CLANG_WARN_DIRECT_OBJC_ISA_USAGE = YES_ERROR;
				CLANG_WARN_DOCUMENTATION_COMMENTS = YES;
				CLANG_WARN_EMPTY_BODY = YES;
				CLANG_WARN_ENUM_CONVERSION = YES;
				CLANG_WARN_INFINITE_RECURSION = YES;
				CLANG_WARN_INT_CONVERSION = YES;
				CLANG_WARN_NON_LITERAL_NULL_CONVERSION = YES;
				CLANG_WARN_OBJC_IMPLICIT_RETAIN_SELF = YES;
				CLANG_WARN_OBJC_LITERAL_CONVERSION = YES;
				CLANG_WARN_OBJC_ROOT_CLASS = YES_ERROR;
				CLANG_WARN_QUOTED_INCLUDE_IN_FRAMEWORK_HEADER = YES;
				CLANG_WARN_RANGE_LOOP_ANALYSIS = YES;
				CLANG_WARN_STRICT_PROTOTYPES = YES;
				CLANG_WARN_SUSPICIOUS_MOVE = YES;
				CLANG_WARN_UNGUARDED_AVAILABILITY = YES_AGGRESSIVE;
				CLANG_WARN_UNREACHABLE_CODE = YES;
				CLANG_WARN__DUPLICATE_METHOD_MATCH = YES;
				COPY_PHASE_STRIP = NO;
				DEBUG_INFORMATION_FORMAT = dwarf;
				ENABLE_STRICT_OBJC_MSGSEND = YES;
				ENABLE_TESTABILITY = YES;
				GCC_C_LANGUAGE_STANDARD = gnu11;
				GCC_DYNAMIC_NO_PIC = NO;
				GCC_NO_COMMON_BLOCKS = YES;
				GCC_OPTIMIZATION_LEVEL = 0;
				GCC_PREPROCESSOR_DEFINITIONS = (
					"DEBUG=1",
					"$(inherited)",
				);
				GCC_WARN_64_TO_32_BIT_CONVERSION = YES;
				GCC_WARN_ABOUT_RETURN_TYPE = YES_ERROR;
				GCC_WARN_UNDECLARED_SELECTOR = YES;
				GCC_WARN_UNINITIALIZED_AUTOS = YES_AGGRESSIVE;
				GCC_WARN_UNUSED_FUNCTION = YES;
				GCC_WARN_UNUSED_VARIABLE = YES;
				IPHONEOS_DEPLOYMENT_TARGET = 16.0;
				MTL_ENABLE_DEBUG_INFO = INCLUDE_SOURCE;
				MTL_FAST_MATH = YES;
				ONLY_ACTIVE_ARCH = YES;
				SDKROOT = iphoneos;
				SWIFT_ACTIVE_COMPILATION_CONDITIONS = DEBUG;
				SWIFT_OPTIMIZATION_LEVEL = "-Onone";
			};
			name = Debug;
		};
		4BAB8ADC2923BA5E0040FED6 /* Release */ = {
			isa = XCBuildConfiguration;
			buildSettings = {
				ALWAYS_SEARCH_USER_PATHS = NO;
				CLANG_ANALYZER_NONNULL = YES;
				CLANG_ANALYZER_NUMBER_OBJECT_CONVERSION = YES_AGGRESSIVE;
				CLANG_CXX_LANGUAGE_STANDARD = "gnu++20";
				CLANG_ENABLE_MODULES = YES;
				CLANG_ENABLE_OBJC_ARC = YES;
				CLANG_ENABLE_OBJC_WEAK = YES;
				CLANG_WARN_BLOCK_CAPTURE_AUTORELEASING = YES;
				CLANG_WARN_BOOL_CONVERSION = YES;
				CLANG_WARN_COMMA = YES;
				CLANG_WARN_CONSTANT_CONVERSION = YES;
				CLANG_WARN_DEPRECATED_OBJC_IMPLEMENTATIONS = YES;
				CLANG_WARN_DIRECT_OBJC_ISA_USAGE = YES_ERROR;
				CLANG_WARN_DOCUMENTATION_COMMENTS = YES;
				CLANG_WARN_EMPTY_BODY = YES;
				CLANG_WARN_ENUM_CONVERSION = YES;
				CLANG_WARN_INFINITE_RECURSION = YES;
				CLANG_WARN_INT_CONVERSION = YES;
				CLANG_WARN_NON_LITERAL_NULL_CONVERSION = YES;
				CLANG_WARN_OBJC_IMPLICIT_RETAIN_SELF = YES;
				CLANG_WARN_OBJC_LITERAL_CONVERSION = YES;
				CLANG_WARN_OBJC_ROOT_CLASS = YES_ERROR;
				CLANG_WARN_QUOTED_INCLUDE_IN_FRAMEWORK_HEADER = YES;
				CLANG_WARN_RANGE_LOOP_ANALYSIS = YES;
				CLANG_WARN_STRICT_PROTOTYPES = YES;
				CLANG_WARN_SUSPICIOUS_MOVE = YES;
				CLANG_WARN_UNGUARDED_AVAILABILITY = YES_AGGRESSIVE;
				CLANG_WARN_UNREACHABLE_CODE = YES;
				CLANG_WARN__DUPLICATE_METHOD_MATCH = YES;
				COPY_PHASE_STRIP = NO;
				DEBUG_INFORMATION_FORMAT = "dwarf-with-dsym";
				ENABLE_NS_ASSERTIONS = NO;
				ENABLE_STRICT_OBJC_MSGSEND = YES;
				GCC_C_LANGUAGE_STANDARD = gnu11;
				GCC_NO_COMMON_BLOCKS = YES;
				GCC_WARN_64_TO_32_BIT_CONVERSION = YES;
				GCC_WARN_ABOUT_RETURN_TYPE = YES_ERROR;
				GCC_WARN_UNDECLARED_SELECTOR = YES;
				GCC_WARN_UNINITIALIZED_AUTOS = YES_AGGRESSIVE;
				GCC_WARN_UNUSED_FUNCTION = YES;
				GCC_WARN_UNUSED_VARIABLE = YES;
				IPHONEOS_DEPLOYMENT_TARGET = 16.0;
				MTL_ENABLE_DEBUG_INFO = NO;
				MTL_FAST_MATH = YES;
				SDKROOT = iphoneos;
				SWIFT_COMPILATION_MODE = wholemodule;
				SWIFT_OPTIMIZATION_LEVEL = "-O";
				VALIDATE_PRODUCT = YES;
			};
			name = Release;
		};
		4BAB8ADE2923BA5E0040FED6 /* Debug */ = {
			isa = XCBuildConfiguration;
			buildSettings = {
				ASSETCATALOG_COMPILER_APPICON_NAME = AppIcon;
				ASSETCATALOG_COMPILER_GLOBAL_ACCENT_COLOR_NAME = AccentColor;
				CODE_SIGN_STYLE = Automatic;
				CURRENT_PROJECT_VERSION = 1;
				DEVELOPMENT_ASSET_PATHS = "\"HappyBirthdaySwiftUI/Preview Content\"";
				ENABLE_PREVIEWS = YES;
				GENERATE_INFOPLIST_FILE = YES;
				INFOPLIST_FILE = HappyBirthdaySwiftUI/Info.plist;
				INFOPLIST_KEY_UIApplicationSceneManifest_Generation = YES;
				INFOPLIST_KEY_UIApplicationSupportsIndirectInputEvents = YES;
				INFOPLIST_KEY_UILaunchScreen_Generation = YES;
				INFOPLIST_KEY_UISupportedInterfaceOrientations_iPad = "UIInterfaceOrientationPortrait UIInterfaceOrientationPortraitUpsideDown UIInterfaceOrientationLandscapeLeft UIInterfaceOrientationLandscapeRight";
				INFOPLIST_KEY_UISupportedInterfaceOrientations_iPhone = "UIInterfaceOrientationPortrait UIInterfaceOrientationLandscapeLeft UIInterfaceOrientationLandscapeRight";
				LD_RUNPATH_SEARCH_PATHS = (
					"$(inherited)",
					"@executable_path/Frameworks",
				);
				MARKETING_VERSION = 1.0;
				PRODUCT_BUNDLE_IDENTIFIER = "-.HappyBirthdaySwiftUI";
				PRODUCT_NAME = "$(TARGET_NAME)";
				SWIFT_EMIT_LOC_STRINGS = YES;
				SWIFT_VERSION = 5.0;
				TARGETED_DEVICE_FAMILY = "1,2";
			};
			name = Debug;
		};
		4BAB8ADF2923BA5E0040FED6 /* Release */ = {
			isa = XCBuildConfiguration;
			buildSettings = {
				ASSETCATALOG_COMPILER_APPICON_NAME = AppIcon;
				ASSETCATALOG_COMPILER_GLOBAL_ACCENT_COLOR_NAME = AccentColor;
				CODE_SIGN_STYLE = Automatic;
				CURRENT_PROJECT_VERSION = 1;
				DEVELOPMENT_ASSET_PATHS = "\"HappyBirthdaySwiftUI/Preview Content\"";
				ENABLE_PREVIEWS = YES;
				GENERATE_INFOPLIST_FILE = YES;
				INFOPLIST_FILE = HappyBirthdaySwiftUI/Info.plist;
				INFOPLIST_KEY_UIApplicationSceneManifest_Generation = YES;
				INFOPLIST_KEY_UIApplicationSupportsIndirectInputEvents = YES;
				INFOPLIST_KEY_UILaunchScreen_Generation = YES;
				INFOPLIST_KEY_UISupportedInterfaceOrientations_iPad = "UIInterfaceOrientationPortrait UIInterfaceOrientationPortraitUpsideDown UIInterfaceOrientationLandscapeLeft UIInterfaceOrientationLandscapeRight";
				INFOPLIST_KEY_UISupportedInterfaceOrientations_iPhone = "UIInterfaceOrientationPortrait UIInterfaceOrientationLandscapeLeft UIInterfaceOrientationLandscapeRight";
				LD_RUNPATH_SEARCH_PATHS = (
					"$(inherited)",
					"@executable_path/Frameworks",
				);
				MARKETING_VERSION = 1.0;
				PRODUCT_BUNDLE_IDENTIFIER = "-.HappyBirthdaySwiftUI";
				PRODUCT_NAME = "$(TARGET_NAME)";
				SWIFT_EMIT_LOC_STRINGS = YES;
				SWIFT_VERSION = 5.0;
				TARGETED_DEVICE_FAMILY = "1,2";
			};
			name = Release;
		};
/* End XCBuildConfiguration section */

/* Begin XCConfigurationList section */
		4BAB8AC52923BA5D0040FED6 /* Build configuration list for PBXProject "HappyBirthdaySwiftUI" */ = {
			isa = XCConfigurationList;
			buildConfigurations = (
				4BAB8ADB2923BA5E0040FED6 /* Debug */,
				4BAB8ADC2923BA5E0040FED6 /* Release */,
			);
			defaultConfigurationIsVisible = 0;
			defaultConfigurationName = Release;
		};
		4BAB8ADD2923BA5E0040FED6 /* Build configuration list for PBXNativeTarget "HappyBirthdaySwiftUI" */ = {
			isa = XCConfigurationList;
			buildConfigurations = (
				4BAB8ADE2923BA5E0040FED6 /* Debug */,
				4BAB8ADF2923BA5E0040FED6 /* Release */,
			);
			defaultConfigurationIsVisible = 0;
			defaultConfigurationName = Release;
		};
/* End XCConfigurationList section */

/* Begin XCRemoteSwiftPackageReference section */
		4BAB8AED292427080040FED6 /* XCRemoteSwiftPackageReference "effects-library" */ = {
			isa = XCRemoteSwiftPackageReference;
			repositoryURL = "https://github.com/GetStream/effects-library.git";
			requirement = {
				kind = upToNextMajorVersion;
				minimumVersion = 1.0.0;
			};
		};
/* End XCRemoteSwiftPackageReference section */

/* Begin XCSwiftPackageProductDependency section */
		4BAB8AEE292427080040FED6 /* EffectsLibrary */ = {
			isa = XCSwiftPackageProductDependency;
			package = 4BAB8AED292427080040FED6 /* XCRemoteSwiftPackageReference "effects-library" */;
			productName = EffectsLibrary;
		};
/* End XCSwiftPackageProductDependency section */

/* Begin XCVersionGroup section */
		4BAB8AD82923BA5E0040FED6 /* HappyBirthdaySwiftUI.xcdatamodeld */ = {
			isa = XCVersionGroup;
			children = (
				4BAB8AD92923BA5E0040FED6 /* HappyBirthdaySwiftUI.xcdatamodel */,
			);
			currentVersion = 4BAB8AD92923BA5E0040FED6 /* HappyBirthdaySwiftUI.xcdatamodel */;
			path = HappyBirthdaySwiftUI.xcdatamodeld;
			sourceTree = "<group>";
			versionGroupType = wrapper.xcdatamodel;
		};
/* End XCVersionGroup section */
	};
	rootObject = 4BAB8AC22923BA5D0040FED6 /* Project object */;
}
